// !$*UTF8*$!
{
	archiveVersion = 1;
	classes = {
	};
	objectVersion = 46;
	objects = {

/* Begin PBXBuildFile section */
		1E66A23A1A78D2B0009B9388 /* GLUT.framework in Frameworks */ = {isa = PBXBuildFile; fileRef = 1E66A2391A78D2B0009B9388 /* GLUT.framework */; };
		1E66A2411A78D2C9009B9388 /* Box.cpp in Sources */ = {isa = PBXBuildFile; fileRef = 1E66A23B1A78D2C9009B9388 /* Box.cpp */; };
		1E66A2431A78D2C9009B9388 /* Particle.cpp in Sources */ = {isa = PBXBuildFile; fileRef = 1E66A23F1A78D2C9009B9388 /* Particle.cpp */; };
		1ED472F51A7780DF0065D12B /* Cocoa.framework in Frameworks */ = {isa = PBXBuildFile; fileRef = 1ED472F41A7780DF0065D12B /* Cocoa.framework */; };
		1ED472F71A7780FB0065D12B /* CoreVideo.framework in Frameworks */ = {isa = PBXBuildFile; fileRef = 1ED472F61A7780FB0065D12B /* CoreVideo.framework */; };
		1ED472FB1A7785950065D12B /* IOKit.framework in Frameworks */ = {isa = PBXBuildFile; fileRef = 1ED472FA1A7785950065D12B /* IOKit.framework */; };
		1ED472FF1A7787970065D12B /* libglfw3.3.0.dylib in Frameworks */ = {isa = PBXBuildFile; fileRef = 1ED472FC1A7787570065D12B /* libglfw3.3.0.dylib */; };
		953CFBAE1A7687B000FBC979 /* main.cpp in Sources */ = {isa = PBXBuildFile; fileRef = 953CFBAD1A7687B000FBC979 /* main.cpp */; };
		953CFBB51A7687F700FBC979 /* OpenGL.framework in Frameworks */ = {isa = PBXBuildFile; fileRef = 953CFBB41A7687F700FBC979 /* OpenGL.framework */; };
/* End PBXBuildFile section */

/* Begin PBXCopyFilesBuildPhase section */
		953CFBA81A7687B000FBC979 /* Copy Files */ = {
			isa = PBXCopyFilesBuildPhase;
			buildActionMask = 2147483647;
			dstPath = /usr/share/man/man1/;
			dstSubfolderSpec = 0;
			files = (
			);
			name = "Copy Files";
			runOnlyForDeploymentPostprocessing = 1;
		};
/* End PBXCopyFilesBuildPhase section */

/* Begin PBXFileReference section */
		1E66A2391A78D2B0009B9388 /* GLUT.framework */ = {isa = PBXFileReference; lastKnownFileType = wrapper.framework; name = GLUT.framework; path = System/Library/Frameworks/GLUT.framework; sourceTree = SDKROOT; };
		1E66A23B1A78D2C9009B9388 /* Box.cpp */ = {isa = PBXFileReference; fileEncoding = 4; lastKnownFileType = sourcecode.cpp.cpp; name = Box.cpp; path = "../../OpenGL-Particles/Box.cpp"; sourceTree = "<group>"; };
		1E66A23C1A78D2C9009B9388 /* Box.h */ = {isa = PBXFileReference; fileEncoding = 4; lastKnownFileType = sourcecode.c.h; name = Box.h; path = "../../OpenGL-Particles/Box.h"; sourceTree = "<group>"; };
		1E66A23F1A78D2C9009B9388 /* Particle.cpp */ = {isa = PBXFileReference; fileEncoding = 4; lastKnownFileType = sourcecode.cpp.cpp; name = Particle.cpp; path = "../../OpenGL-Particles/Particle.cpp"; sourceTree = "<group>"; };
		1E66A2401A78D2C9009B9388 /* Particle.h */ = {isa = PBXFileReference; fileEncoding = 4; lastKnownFileType = sourcecode.c.h; name = Particle.h; path = "../../OpenGL-Particles/Particle.h"; sourceTree = "<group>"; };
		1ED472F41A7780DF0065D12B /* Cocoa.framework */ = {isa = PBXFileReference; lastKnownFileType = wrapper.framework; name = Cocoa.framework; path = System/Library/Frameworks/Cocoa.framework; sourceTree = SDKROOT; };
		1ED472F61A7780FB0065D12B /* CoreVideo.framework */ = {isa = PBXFileReference; lastKnownFileType = wrapper.framework; name = CoreVideo.framework; path = System/Library/Frameworks/CoreVideo.framework; sourceTree = SDKROOT; };
		1ED472F81A7784ED0065D12B /* libsgct.a */ = {isa = PBXFileReference; lastKnownFileType = archive.ar; name = libsgct.a; path = ../../../usr/local/lib/libsgct.a; sourceTree = "<group>"; };
		1ED472FA1A7785950065D12B /* IOKit.framework */ = {isa = PBXFileReference; lastKnownFileType = wrapper.framework; name = IOKit.framework; path = System/Library/Frameworks/IOKit.framework; sourceTree = SDKROOT; };
		1ED472FC1A7787570065D12B /* libglfw3.3.0.dylib */ = {isa = PBXFileReference; lastKnownFileType = "compiled.mach-o.dylib"; name = libglfw3.3.0.dylib; path = ../../../usr/local/Cellar/glfw3/3.0.4/lib/libglfw3.3.0.dylib; sourceTree = "<group>"; };
		953CFBAA1A7687B000FBC979 /* Modelleringsprojekt */ = {isa = PBXFileReference; explicitFileType = "compiled.mach-o.executable"; includeInIndex = 0; path = Modelleringsprojekt; sourceTree = BUILT_PRODUCTS_DIR; };
		953CFBAD1A7687B000FBC979 /* main.cpp */ = {isa = PBXFileReference; lastKnownFileType = sourcecode.cpp.cpp; path = main.cpp; sourceTree = "<group>"; };
		953CFBB41A7687F700FBC979 /* OpenGL.framework */ = {isa = PBXFileReference; lastKnownFileType = wrapper.framework; name = OpenGL.framework; path = System/Library/Frameworks/OpenGL.framework; sourceTree = SDKROOT; };
/* End PBXFileReference section */

/* Begin PBXFrameworksBuildPhase section */
		953CFBA71A7687B000FBC979 /* Frameworks */ = {
			isa = PBXFrameworksBuildPhase;
			buildActionMask = 2147483647;
			files = (
				1E66A23A1A78D2B0009B9388 /* GLUT.framework in Frameworks */,
				1ED472FF1A7787970065D12B /* libglfw3.3.0.dylib in Frameworks */,
				1ED472FB1A7785950065D12B /* IOKit.framework in Frameworks */,
				1ED472F71A7780FB0065D12B /* CoreVideo.framework in Frameworks */,
				1ED472F51A7780DF0065D12B /* Cocoa.framework in Frameworks */,
				953CFBB51A7687F700FBC979 /* OpenGL.framework in Frameworks */,
			);
			runOnlyForDeploymentPostprocessing = 0;
		};
/* End PBXFrameworksBuildPhase section */

/* Begin PBXGroup section */
		953CFBA11A7687B000FBC979 = {
			isa = PBXGroup;
			children = (
				1E66A2391A78D2B0009B9388 /* GLUT.framework */,
				1ED472FC1A7787570065D12B /* libglfw3.3.0.dylib */,
				1ED472FA1A7785950065D12B /* IOKit.framework */,
				1ED472F81A7784ED0065D12B /* libsgct.a */,
				1ED472F61A7780FB0065D12B /* CoreVideo.framework */,
				1ED472F41A7780DF0065D12B /* Cocoa.framework */,
				953CFBB41A7687F700FBC979 /* OpenGL.framework */,
				953CFBAC1A7687B000FBC979 /* Modelleringsprojekt */,
				953CFBAB1A7687B000FBC979 /* Products */,
			);
			sourceTree = "<group>";
		};
		953CFBAB1A7687B000FBC979 /* Products */ = {
			isa = PBXGroup;
			children = (
				953CFBAA1A7687B000FBC979 /* Modelleringsprojekt */,
			);
			name = Products;
			sourceTree = "<group>";
		};
		953CFBAC1A7687B000FBC979 /* Modelleringsprojekt */ = {
			isa = PBXGroup;
			children = (
				1E66A23B1A78D2C9009B9388 /* Box.cpp */,
				1E66A23C1A78D2C9009B9388 /* Box.h */,
				1E66A23F1A78D2C9009B9388 /* Particle.cpp */,
				1E66A2401A78D2C9009B9388 /* Particle.h */,
				953CFBAD1A7687B000FBC979 /* main.cpp */,
			);
			path = Modelleringsprojekt;
			sourceTree = "<group>";
		};
/* End PBXGroup section */

/* Begin PBXNativeTarget section */
		953CFBA91A7687B000FBC979 /* Modelleringsprojekt */ = {
			isa = PBXNativeTarget;
			buildConfigurationList = 953CFBB11A7687B000FBC979 /* Build configuration list for PBXNativeTarget "Modelleringsprojekt" */;
			buildPhases = (
				953CFBA61A7687B000FBC979 /* Sources */,
				953CFBA71A7687B000FBC979 /* Frameworks */,
				953CFBA81A7687B000FBC979 /* Copy Files */,
			);
			buildRules = (
			);
			dependencies = (
			);
			name = Modelleringsprojekt;
			productName = Modelleringsprojekt;
			productReference = 953CFBAA1A7687B000FBC979 /* Modelleringsprojekt */;
			productType = "com.apple.product-type.tool";
		};
/* End PBXNativeTarget section */

/* Begin PBXProject section */
		953CFBA21A7687B000FBC979 /* Project object */ = {
			isa = PBXProject;
			attributes = {
				LastUpgradeCheck = 0600;
				ORGANIZATIONNAME = "Max Jonsson";
				TargetAttributes = {
					953CFBA91A7687B000FBC979 = {
						CreatedOnToolsVersion = 6.0.1;
					};
				};
			};
			buildConfigurationList = 953CFBA51A7687B000FBC979 /* Build configuration list for PBXProject "Modelleringsprojekt" */;
			compatibilityVersion = "Xcode 3.2";
			developmentRegion = English;
			hasScannedForEncodings = 0;
			knownRegions = (
				en,
			);
			mainGroup = 953CFBA11A7687B000FBC979;
			productRefGroup = 953CFBAB1A7687B000FBC979 /* Products */;
			projectDirPath = "";
			projectRoot = "";
			targets = (
				953CFBA91A7687B000FBC979 /* Modelleringsprojekt */,
			);
		};
/* End PBXProject section */

/* Begin PBXSourcesBuildPhase section */
		953CFBA61A7687B000FBC979 /* Sources */ = {
			isa = PBXSourcesBuildPhase;
			buildActionMask = 2147483647;
			files = (
				953CFBAE1A7687B000FBC979 /* main.cpp in Sources */,
				1E66A2431A78D2C9009B9388 /* Particle.cpp in Sources */,
				1E66A2411A78D2C9009B9388 /* Box.cpp in Sources */,
			);
			runOnlyForDeploymentPostprocessing = 0;
		};
/* End PBXSourcesBuildPhase section */

/* Begin XCBuildConfiguration section */
		953CFBAF1A7687B000FBC979 /* Debug */ = {
			isa = XCBuildConfiguration;
			buildSettings = {
				ALWAYS_SEARCH_USER_PATHS = NO;
				CLANG_CXX_LANGUAGE_STANDARD = "gnu++0x";
				CLANG_CXX_LIBRARY = "libc++";
				CLANG_ENABLE_MODULES = YES;
				CLANG_ENABLE_OBJC_ARC = YES;
				CLANG_WARN_BOOL_CONVERSION = YES;
				CLANG_WARN_CONSTANT_CONVERSION = YES;
				CLANG_WARN_DIRECT_OBJC_ISA_USAGE = YES_ERROR;
				CLANG_WARN_EMPTY_BODY = YES;
				CLANG_WARN_ENUM_CONVERSION = YES;
				CLANG_WARN_INT_CONVERSION = YES;
				CLANG_WARN_OBJC_ROOT_CLASS = YES_ERROR;
				CLANG_WARN_UNREACHABLE_CODE = YES;
				CLANG_WARN__DUPLICATE_METHOD_MATCH = YES;
				COPY_PHASE_STRIP = NO;
				ENABLE_STRICT_OBJC_MSGSEND = YES;
				GCC_C_LANGUAGE_STANDARD = gnu99;
				GCC_DYNAMIC_NO_PIC = NO;
				GCC_OPTIMIZATION_LEVEL = 0;
				GCC_PREPROCESSOR_DEFINITIONS = (
					"DEBUG=1",
					"$(inherited)",
				);
				GCC_SYMBOLS_PRIVATE_EXTERN = NO;
				GCC_WARN_64_TO_32_BIT_CONVERSION = YES;
				GCC_WARN_ABOUT_RETURN_TYPE = YES_ERROR;
				GCC_WARN_UNDECLARED_SELECTOR = YES;
				GCC_WARN_UNINITIALIZED_AUTOS = YES_AGGRESSIVE;
				GCC_WARN_UNUSED_FUNCTION = YES;
				GCC_WARN_UNUSED_VARIABLE = YES;
				MACOSX_DEPLOYMENT_TARGET = 10.9;
				MTL_ENABLE_DEBUG_INFO = YES;
				ONLY_ACTIVE_ARCH = YES;
				SDKROOT = macosx;
			};
			name = Debug;
		};
		953CFBB01A7687B000FBC979 /* Release */ = {
			isa = XCBuildConfiguration;
			buildSettings = {
				ALWAYS_SEARCH_USER_PATHS = NO;
				CLANG_CXX_LANGUAGE_STANDARD = "gnu++0x";
				CLANG_CXX_LIBRARY = "libc++";
				CLANG_ENABLE_MODULES = YES;
				CLANG_ENABLE_OBJC_ARC = YES;
				CLANG_WARN_BOOL_CONVERSION = YES;
				CLANG_WARN_CONSTANT_CONVERSION = YES;
				CLANG_WARN_DIRECT_OBJC_ISA_USAGE = YES_ERROR;
				CLANG_WARN_EMPTY_BODY = YES;
				CLANG_WARN_ENUM_CONVERSION = YES;
				CLANG_WARN_INT_CONVERSION = YES;
				CLANG_WARN_OBJC_ROOT_CLASS = YES_ERROR;
				CLANG_WARN_UNREACHABLE_CODE = YES;
				CLANG_WARN__DUPLICATE_METHOD_MATCH = YES;
				COPY_PHASE_STRIP = YES;
				DEBUG_INFORMATION_FORMAT = "dwarf-with-dsym";
				ENABLE_NS_ASSERTIONS = NO;
				ENABLE_STRICT_OBJC_MSGSEND = YES;
				GCC_C_LANGUAGE_STANDARD = gnu99;
				GCC_WARN_64_TO_32_BIT_CONVERSION = YES;
				GCC_WARN_ABOUT_RETURN_TYPE = YES_ERROR;
				GCC_WARN_UNDECLARED_SELECTOR = YES;
				GCC_WARN_UNINITIALIZED_AUTOS = YES_AGGRESSIVE;
				GCC_WARN_UNUSED_FUNCTION = YES;
				GCC_WARN_UNUSED_VARIABLE = YES;
				MACOSX_DEPLOYMENT_TARGET = 10.9;
				MTL_ENABLE_DEBUG_INFO = NO;
				SDKROOT = macosx;
			};
			name = Release;
		};
		953CFBB21A7687B000FBC979 /* Debug */ = {
			isa = XCBuildConfiguration;
			buildSettings = {
				HEADER_SEARCH_PATHS = (
					"$(inherited)",
					/Applications/Xcode.app/Contents/Developer/Toolchains/XcodeDefault.xctoolchain/usr/include,
					/usr/local/include,
				);
				LIBRARY_SEARCH_PATHS = /usr/local/lib;
				PRODUCT_NAME = "$(TARGET_NAME)";
			};
			name = Debug;
		};
		953CFBB31A7687B000FBC979 /* Release */ = {
			isa = XCBuildConfiguration;
			buildSettings = {
				HEADER_SEARCH_PATHS = (
					"$(inherited)",
					/Applications/Xcode.app/Contents/Developer/Toolchains/XcodeDefault.xctoolchain/usr/include,
					/usr/local/include,
				);
				LIBRARY_SEARCH_PATHS = /usr/local/lib;
				PRODUCT_NAME = "$(TARGET_NAME)";
			};
			name = Release;
		};
/* End XCBuildConfiguration section */

/* Begin XCConfigurationList section */
		953CFBA51A7687B000FBC979 /* Build configuration list for PBXProject "Modelleringsprojekt" */ = {
			isa = XCConfigurationList;
			buildConfigurations = (
				953CFBAF1A7687B000FBC979 /* Debug */,
				953CFBB01A7687B000FBC979 /* Release */,
			);
			defaultConfigurationIsVisible = 0;
			defaultConfigurationName = Release;
		};
		953CFBB11A7687B000FBC979 /* Build configuration list for PBXNativeTarget "Modelleringsprojekt" */ = {
			isa = XCConfigurationList;
			buildConfigurations = (
				953CFBB21A7687B000FBC979 /* Debug */,
				953CFBB31A7687B000FBC979 /* Release */,
			);
			defaultConfigurationIsVisible = 0;
			defaultConfigurationName = Release;
		};
/* End XCConfigurationList section */
	};
	rootObject = 953CFBA21A7687B000FBC979 /* Project object */;
}
